
Microsoft Visual Studio Solution File, Format Version 12.00
# Visual Studio Version 16
VisualStudioVersion = 16.0.31424.327
MinimumVisualStudioVersion = 10.0.40219.1
Project("{FAE04EC0-301F-11D3-BF4B-00C04F79EFBC}") = "PracticoIntroduccion", "PracticoIntroduccion\PracticoIntroduccion.csproj", "{754DFD32-18CD-4F0E-824B-94D61A34653D}"
EndProject
Global
	GlobalSection(SolutionConfigurationPlatforms) = preSolution
		Debug|Any CPU = Debug|Any CPU
		Release|Any CPU = Release|Any CPU
	EndGlobalSection
	GlobalSection(ProjectConfigurationPlatforms) = postSolution
		{754DFD32-18CD-4F0E-824B-94D61A34653D}.Debug|Any CPU.ActiveCfg = Debug|Any CPU
		{754DFD32-18CD-4F0E-824B-94D61A34653D}.Debug|Any CPU.Build.0 = Debug|Any CPU
		{754DFD32-18CD-4F0E-824B-94D61A34653D}.Release|Any CPU.ActiveCfg = Release|Any CPU
		{754DFD32-18CD-4F0E-824B-94D61A34653D}.Release|Any CPU.Build.0 = Release|Any CPU
	EndGlobalSection
	GlobalSection(SolutionProperties) = preSolution
		HideSolutionNode = FALSE
	EndGlobalSection
	GlobalSection(ExtensibilityGlobals) = postSolution
		SolutionGuid = {852C363E-EFFE-4710-A117-C252999D9AFB}
	EndGlobalSection
EndGlobal
